
Microsoft Visual Studio Solution File, Format Version 12.00
# Visual Studio Version 17
VisualStudioVersion = 17.10.35122.118
MinimumVisualStudioVersion = 10.0.40219.1
Project("{FAE04EC0-301F-11D3-BF4B-00C04F79EFBC}") = "Assignment16", "Assignment16\Assignment16.csproj", "{518A1902-E675-4801-BCCE-3023BC9D4C50}"
EndProject
Global
	GlobalSection(SolutionConfigurationPlatforms) = preSolution
		Debug|Any CPU = Debug|Any CPU
		Release|Any CPU = Release|Any CPU
	EndGlobalSection
	GlobalSection(ProjectConfigurationPlatforms) = postSolution
		{518A1902-E675-4801-BCCE-3023BC9D4C50}.Debug|Any CPU.ActiveCfg = Debug|Any CPU
		{518A1902-E675-4801-BCCE-3023BC9D4C50}.Debug|Any CPU.Build.0 = Debug|Any CPU
		{518A1902-E675-4801-BCCE-3023BC9D4C50}.Release|Any CPU.ActiveCfg = Release|Any CPU
		{518A1902-E675-4801-BCCE-3023BC9D4C50}.Release|Any CPU.Build.0 = Release|Any CPU
	EndGlobalSection
	GlobalSection(SolutionProperties) = preSolution
		HideSolutionNode = FALSE
	EndGlobalSection
	GlobalSection(ExtensibilityGlobals) = postSolution
		SolutionGuid = {66C7F77F-2533-4D97-B21D-15DC98173D9A}
	EndGlobalSection
EndGlobal
